// !$*UTF8*$!
{
	archiveVersion = 1;
	classes = {
	};
	objectVersion = 48;
	objects = {

/* Begin PBXBuildFile section */
		38EBFCB61A222A2E4146407F /* Pods_SVProgressApp.framework in Frameworks */ = {isa = PBXBuildFile; fileRef = 21737780EBAC98B7D0C55DBD /* Pods_SVProgressApp.framework */; };
		4C68FA301F937E5F007C928C /* AppDelegate.swift in Sources */ = {isa = PBXBuildFile; fileRef = 4C68FA2F1F937E5F007C928C /* AppDelegate.swift */; };
		4C68FA321F937E5F007C928C /* ViewController.swift in Sources */ = {isa = PBXBuildFile; fileRef = 4C68FA311F937E5F007C928C /* ViewController.swift */; };
		4C68FA351F937E5F007C928C /* Main.storyboard in Resources */ = {isa = PBXBuildFile; fileRef = 4C68FA331F937E5F007C928C /* Main.storyboard */; };
		4C68FA371F937E5F007C928C /* Assets.xcassets in Resources */ = {isa = PBXBuildFile; fileRef = 4C68FA361F937E5F007C928C /* Assets.xcassets */; };
		4C68FA3A1F937E5F007C928C /* LaunchScreen.storyboard in Resources */ = {isa = PBXBuildFile; fileRef = 4C68FA381F937E5F007C928C /* LaunchScreen.storyboard */; };
/* End PBXBuildFile section */

/* Begin PBXFileReference section */
		21737780EBAC98B7D0C55DBD /* Pods_SVProgressApp.framework */ = {isa = PBXFileReference; explicitFileType = wrapper.framework; includeInIndex = 0; path = Pods_SVProgressApp.framework; sourceTree = BUILT_PRODUCTS_DIR; };
		4C68FA2C1F937E5F007C928C /* SVProgressApp.app */ = {isa = PBXFileReference; explicitFileType = wrapper.application; includeInIndex = 0; path = SVProgressApp.app; sourceTree = BUILT_PRODUCTS_DIR; };
		4C68FA2F1F937E5F007C928C /* AppDelegate.swift */ = {isa = PBXFileReference; lastKnownFileType = sourcecode.swift; path = AppDelegate.swift; sourceTree = "<group>"; };
		4C68FA311F937E5F007C928C /* ViewController.swift */ = {isa = PBXFileReference; lastKnownFileType = sourcecode.swift; path = ViewController.swift; sourceTree = "<group>"; };
		4C68FA341F937E5F007C928C /* Base */ = {isa = PBXFileReference; lastKnownFileType = file.storyboard; name = Base; path = Base.lproj/Main.storyboard; sourceTree = "<group>"; };
		4C68FA361F937E5F007C928C /* Assets.xcassets */ = {isa = PBXFileReference; lastKnownFileType = folder.assetcatalog; path = Assets.xcassets; sourceTree = "<group>"; };
		4C68FA391F937E5F007C928C /* Base */ = {isa = PBXFileReference; lastKnownFileType = file.storyboard; name = Base; path = Base.lproj/LaunchScreen.storyboard; sourceTree = "<group>"; };
		4C68FA3B1F937E5F007C928C /* Info.plist */ = {isa = PBXFileReference; lastKnownFileType = text.plist.xml; path = Info.plist; sourceTree = "<group>"; };
		D85BDED314885FFEFC310F1F /* Pods-SVProgressApp.release.xcconfig */ = {isa = PBXFileReference; includeInIndex = 1; lastKnownFileType = text.xcconfig; name = "Pods-SVProgressApp.release.xcconfig"; path = "Pods/Target Support Files/Pods-SVProgressApp/Pods-SVProgressApp.release.xcconfig"; sourceTree = "<group>"; };
		FA7AF45C688B9488439EBBBE /* Pods-SVProgressApp.debug.xcconfig */ = {isa = PBXFileReference; includeInIndex = 1; lastKnownFileType = text.xcconfig; name = "Pods-SVProgressApp.debug.xcconfig"; path = "Pods/Target Support Files/Pods-SVProgressApp/Pods-SVProgressApp.debug.xcconfig"; sourceTree = "<group>"; };
/* End PBXFileReference section */

/* Begin PBXFrameworksBuildPhase section */
		4C68FA291F937E5F007C928C /* Frameworks */ = {
			isa = PBXFrameworksBuildPhase;
			buildActionMask = 2147483647;
			files = (
				38EBFCB61A222A2E4146407F /* Pods_SVProgressApp.framework in Frameworks */,
			);
			runOnlyForDeploymentPostprocessing = 0;
		};
/* End PBXFrameworksBuildPhase section */

/* Begin PBXGroup section */
		1477A1683AA9A531A07A055F /* Pods */ = {
			isa = PBXGroup;
			children = (
				FA7AF45C688B9488439EBBBE /* Pods-SVProgressApp.debug.xcconfig */,
				D85BDED314885FFEFC310F1F /* Pods-SVProgressApp.release.xcconfig */,
			);
			name = Pods;
			sourceTree = "<group>";
		};
		4C68FA231F937E5F007C928C = {
			isa = PBXGroup;
			children = (
				4C68FA2E1F937E5F007C928C /* SVProgressApp */,
				4C68FA2D1F937E5F007C928C /* Products */,
				1477A1683AA9A531A07A055F /* Pods */,
				B5CD60D49D50F8B90F566637 /* Frameworks */,
			);
			sourceTree = "<group>";
		};
		4C68FA2D1F937E5F007C928C /* Products */ = {
			isa = PBXGroup;
			children = (
				4C68FA2C1F937E5F007C928C /* SVProgressApp.app */,
			);
			name = Products;
			sourceTree = "<group>";
		};
		4C68FA2E1F937E5F007C928C /* SVProgressApp */ = {
			isa = PBXGroup;
			children = (
				4C68FA2F1F937E5F007C928C /* AppDelegate.swift */,
				4C68FA311F937E5F007C928C /* ViewController.swift */,
				4C68FA331F937E5F007C928C /* Main.storyboard */,
				4C68FA361F937E5F007C928C /* Assets.xcassets */,
				4C68FA381F937E5F007C928C /* LaunchScreen.storyboard */,
				4C68FA3B1F937E5F007C928C /* Info.plist */,
			);
			path = SVProgressApp;
			sourceTree = "<group>";
		};
		B5CD60D49D50F8B90F566637 /* Frameworks */ = {
			isa = PBXGroup;
			children = (
				21737780EBAC98B7D0C55DBD /* Pods_SVProgressApp.framework */,
			);
			name = Frameworks;
			sourceTree = "<group>";
		};
/* End PBXGroup section */

/* Begin PBXNativeTarget section */
		4C68FA2B1F937E5F007C928C /* SVProgressApp */ = {
			isa = PBXNativeTarget;
			buildConfigurationList = 4C68FA3E1F937E5F007C928C /* Build configuration list for PBXNativeTarget "SVProgressApp" */;
			buildPhases = (
				A99E014617578818DE29913F /* [CP] Check Pods Manifest.lock */,
				4C68FA281F937E5F007C928C /* Sources */,
				4C68FA291F937E5F007C928C /* Frameworks */,
				4C68FA2A1F937E5F007C928C /* Resources */,
				EDCE4BA23313DB18FFF6EF6E /* [CP] Embed Pods Frameworks */,
				D6A2A112A9DA5D26ED9DE091 /* [CP] Copy Pods Resources */,
			);
			buildRules = (
			);
			dependencies = (
			);
			name = SVProgressApp;
			productName = SVProgressApp;
			productReference = 4C68FA2C1F937E5F007C928C /* SVProgressApp.app */;
			productType = "com.apple.product-type.application";
		};
/* End PBXNativeTarget section */

/* Begin PBXProject section */
		4C68FA241F937E5F007C928C /* Project object */ = {
			isa = PBXProject;
			attributes = {
				LastSwiftUpdateCheck = 0900;
				LastUpgradeCheck = 0900;
				ORGANIZATIONNAME = 0xack13;
				TargetAttributes = {
					4C68FA2B1F937E5F007C928C = {
						CreatedOnToolsVersion = 9.0;
						ProvisioningStyle = Automatic;
					};
				};
			};
			buildConfigurationList = 4C68FA271F937E5F007C928C /* Build configuration list for PBXProject "SVProgressApp" */;
			compatibilityVersion = "Xcode 8.0";
			developmentRegion = en;
			hasScannedForEncodings = 0;
			knownRegions = (
				en,
				Base,
			);
			mainGroup = 4C68FA231F937E5F007C928C;
			productRefGroup = 4C68FA2D1F937E5F007C928C /* Products */;
			projectDirPath = "";
			projectRoot = "";
			targets = (
				4C68FA2B1F937E5F007C928C /* SVProgressApp */,
			);
		};
/* End PBXProject section */

/* Begin PBXResourcesBuildPhase section */
		4C68FA2A1F937E5F007C928C /* Resources */ = {
			isa = PBXResourcesBuildPhase;
			buildActionMask = 2147483647;
			files = (
				4C68FA3A1F937E5F007C928C /* LaunchScreen.storyboard in Resources */,
				4C68FA371F937E5F007C928C /* Assets.xcassets in Resources */,
				4C68FA351F937E5F007C928C /* Main.storyboard in Resources */,
			);
			runOnlyForDeploymentPostprocessing = 0;
		};
/* End PBXResourcesBuildPhase section */

/* Begin PBXShellScriptBuildPhase section */
		A99E014617578818DE29913F /* [CP] Check Pods Manifest.lock */ = {
			isa = PBXShellScriptBuildPhase;
			buildActionMask = 2147483647;
			files = (
			);
			inputPaths = (
				"${PODS_PODFILE_DIR_PATH}/Podfile.lock",
				"${PODS_ROOT}/Manifest.lock",
			);
			name = "[CP] Check Pods Manifest.lock";
			outputPaths = (
				"$(DERIVED_FILE_DIR)/Pods-SVProgressApp-checkManifestLockResult.txt",
			);
			runOnlyForDeploymentPostprocessing = 0;
			shellPath = /bin/sh;
			shellScript = "diff \"${PODS_PODFILE_DIR_PATH}/Podfile.lock\" \"${PODS_ROOT}/Manifest.lock\" > /dev/null\nif [ $? != 0 ] ; then\n    # print error to STDERR\n    echo \"error: The sandbox is not in sync with the Podfile.lock. Run 'pod install' or update your CocoaPods installation.\" >&2\n    exit 1\nfi\n# This output is used by Xcode 'outputs' to avoid re-running this script phase.\necho \"SUCCESS\" > \"${SCRIPT_OUTPUT_FILE_0}\"\n";
			showEnvVarsInLog = 0;
		};
		D6A2A112A9DA5D26ED9DE091 /* [CP] Copy Pods Resources */ = {
			isa = PBXShellScriptBuildPhase;
			buildActionMask = 2147483647;
			files = (
			);
			inputPaths = (
			);
			name = "[CP] Copy Pods Resources";
			outputPaths = (
			);
			runOnlyForDeploymentPostprocessing = 0;
			shellPath = /bin/sh;
			shellScript = "\"${SRCROOT}/Pods/Target Support Files/Pods-SVProgressApp/Pods-SVProgressApp-resources.sh\"\n";
			showEnvVarsInLog = 0;
		};
		EDCE4BA23313DB18FFF6EF6E /* [CP] Embed Pods Frameworks */ = {
			isa = PBXShellScriptBuildPhase;
			buildActionMask = 2147483647;
			files = (
			);
			inputPaths = (
				"${SRCROOT}/Pods/Target Support Files/Pods-SVProgressApp/Pods-SVProgressApp-frameworks.sh",
				"${BUILT_PRODUCTS_DIR}/SVProgressHUD/SVProgressHUD.framework",
			);
			name = "[CP] Embed Pods Frameworks";
			outputPaths = (
				"${TARGET_BUILD_DIR}/${FRAMEWORKS_FOLDER_PATH}/SVProgressHUD.framework",
			);
			runOnlyForDeploymentPostprocessing = 0;
			shellPath = /bin/sh;
			shellScript = "\"${SRCROOT}/Pods/Target Support Files/Pods-SVProgressApp/Pods-SVProgressApp-frameworks.sh\"\n";
			showEnvVarsInLog = 0;
		};
/* End PBXShellScriptBuildPhase section */

/* Begin PBXSourcesBuildPhase section */
		4C68FA281F937E5F007C928C /* Sources */ = {
			isa = PBXSourcesBuildPhase;
			buildActionMask = 2147483647;
			files = (
				4C68FA321F937E5F007C928C /* ViewController.swift in Sources */,
				4C68FA301F937E5F007C928C /* AppDelegate.swift in Sources */,
			);
			runOnlyForDeploymentPostprocessing = 0;
		};
/* End PBXSourcesBuildPhase section */

/* Begin PBXVariantGroup section */
		4C68FA331F937E5F007C928C /* Main.storyboard */ = {
			isa = PBXVariantGroup;
			children = (
				4C68FA341F937E5F007C928C /* Base */,
			);
			name = Main.storyboard;
			sourceTree = "<group>";
		};
		4C68FA381F937E5F007C928C /* LaunchScreen.storyboard */ = {
			isa = PBXVariantGroup;
			children = (
				4C68FA391F937E5F007C928C /* Base */,
			);
			name = LaunchScreen.storyboard;
			sourceTree = "<group>";
		};
/* End PBXVariantGroup section */

/* Begin XCBuildConfiguration section */
		4C68FA3C1F937E5F007C928C /* Debug */ = {
			isa = XCBuildConfiguration;
			buildSettings = {
				ALWAYS_SEARCH_USER_PATHS = NO;
				CLANG_ANALYZER_NONNULL = YES;
				CLANG_ANALYZER_NUMBER_OBJECT_CONVERSION = YES_AGGRESSIVE;
				CLANG_CXX_LANGUAGE_STANDARD = "gnu++14";
				CLANG_CXX_LIBRARY = "libc++";
				CLANG_ENABLE_MODULES = YES;
				CLANG_ENABLE_OBJC_ARC = YES;
				CLANG_WARN_BLOCK_CAPTURE_AUTORELEASING = YES;
				CLANG_WARN_BOOL_CONVERSION = YES;
				CLANG_WARN_COMMA = YES;
				CLANG_WARN_CONSTANT_CONVERSION = YES;
				CLANG_WARN_DIRECT_OBJC_ISA_USAGE = YES_ERROR;
				CLANG_WARN_DOCUMENTATION_COMMENTS = YES;
				CLANG_WARN_EMPTY_BODY = YES;
				CLANG_WARN_ENUM_CONVERSION = YES;
				CLANG_WARN_INFINITE_RECURSION = YES;
				CLANG_WARN_INT_CONVERSION = YES;
				CLANG_WARN_NON_LITERAL_NULL_CONVERSION = YES;
				CLANG_WARN_OBJC_LITERAL_CONVERSION = YES;
				CLANG_WARN_OBJC_ROOT_CLASS = YES_ERROR;
				CLANG_WARN_RANGE_LOOP_ANALYSIS = YES;
				CLANG_WARN_STRICT_PROTOTYPES = YES;
				CLANG_WARN_SUSPICIOUS_MOVE = YES;
				CLANG_WARN_UNGUARDED_AVAILABILITY = YES_AGGRESSIVE;
				CLANG_WARN_UNREACHABLE_CODE = YES;
				CLANG_WARN__DUPLICATE_METHOD_MATCH = YES;
				CODE_SIGN_IDENTITY = "iPhone Developer";
				COPY_PHASE_STRIP = NO;
				DEBUG_INFORMATION_FORMAT = dwarf;
				ENABLE_STRICT_OBJC_MSGSEND = YES;
				ENABLE_TESTABILITY = YES;
				GCC_C_LANGUAGE_STANDARD = gnu11;
				GCC_DYNAMIC_NO_PIC = NO;
				GCC_NO_COMMON_BLOCKS = YES;
				GCC_OPTIMIZATION_LEVEL = 0;
				GCC_PREPROCESSOR_DEFINITIONS = (
					"DEBUG=1",
					"$(inherited)",
				);
				GCC_WARN_64_TO_32_BIT_CONVERSION = YES;
				GCC_WARN_ABOUT_RETURN_TYPE = YES_ERROR;
				GCC_WARN_UNDECLARED_SELECTOR = YES;
				GCC_WARN_UNINITIALIZED_AUTOS = YES_AGGRESSIVE;
				GCC_WARN_UNUSED_FUNCTION = YES;
				GCC_WARN_UNUSED_VARIABLE = YES;
				IPHONEOS_DEPLOYMENT_TARGET = 11.0;
				MTL_ENABLE_DEBUG_INFO = YES;
				ONLY_ACTIVE_ARCH = YES;
				SDKROOT = iphoneos;
				SWIFT_ACTIVE_COMPILATION_CONDITIONS = DEBUG;
				SWIFT_OPTIMIZATION_LEVEL = "-Onone";
			};
			name = Debug;
		};
		4C68FA3D1F937E5F007C928C /* Release */ = {
			isa = XCBuildConfiguration;
			buildSettings = {
				ALWAYS_SEARCH_USER_PATHS = NO;
				CLANG_ANALYZER_NONNULL = YES;
				CLANG_ANALYZER_NUMBER_OBJECT_CONVERSION = YES_AGGRESSIVE;
				CLANG_CXX_LANGUAGE_STANDARD = "gnu++14";
				CLANG_CXX_LIBRARY = "libc++";
				CLANG_ENABLE_MODULES = YES;
				CLANG_ENABLE_OBJC_ARC = YES;
				CLANG_WARN_BLOCK_CAPTURE_AUTORELEASING = YES;
				CLANG_WARN_BOOL_CONVERSION = YES;
				CLANG_WARN_COMMA = YES;
				CLANG_WARN_CONSTANT_CONVERSION = YES;
				CLANG_WARN_DIRECT_OBJC_ISA_USAGE = YES_ERROR;
				CLANG_WARN_DOCUMENTATION_COMMENTS = YES;
				CLANG_WARN_EMPTY_BODY = YES;
				CLANG_WARN_ENUM_CONVERSION = YES;
				CLANG_WARN_INFINITE_RECURSION = YES;
				CLANG_WARN_INT_CONVERSION = YES;
				CLANG_WARN_NON_LITERAL_NULL_CONVERSION = YES;
				CLANG_WARN_OBJC_LITERAL_CONVERSION = YES;
				CLANG_WARN_OBJC_ROOT_CLASS = YES_ERROR;
				CLANG_WARN_RANGE_LOOP_ANALYSIS = YES;
				CLANG_WARN_STRICT_PROTOTYPES = YES;
				CLANG_WARN_SUSPICIOUS_MOVE = YES;
				CLANG_WARN_UNGUARDED_AVAILABILITY = YES_AGGRESSIVE;
				CLANG_WARN_UNREACHABLE_CODE = YES;
				CLANG_WARN__DUPLICATE_METHOD_MATCH = YES;
				CODE_SIGN_IDENTITY = "iPhone Developer";
				COPY_PHASE_STRIP = NO;
				DEBUG_INFORMATION_FORMAT = "dwarf-with-dsym";
				ENABLE_NS_ASSERTIONS = NO;
				ENABLE_STRICT_OBJC_MSGSEND = YES;
				GCC_C_LANGUAGE_STANDARD = gnu11;
				GCC_NO_COMMON_BLOCKS = YES;
				GCC_WARN_64_TO_32_BIT_CONVERSION = YES;
				GCC_WARN_ABOUT_RETURN_TYPE = YES_ERROR;
				GCC_WARN_UNDECLARED_SELECTOR = YES;
				GCC_WARN_UNINITIALIZED_AUTOS = YES_AGGRESSIVE;
				GCC_WARN_UNUSED_FUNCTION = YES;
				GCC_WARN_UNUSED_VARIABLE = YES;
				IPHONEOS_DEPLOYMENT_TARGET = 11.0;
				MTL_ENABLE_DEBUG_INFO = NO;
				SDKROOT = iphoneos;
				SWIFT_OPTIMIZATION_LEVEL = "-Owholemodule";
				VALIDATE_PRODUCT = YES;
			};
			name = Release;
		};
		4C68FA3F1F937E5F007C928C /* Debug */ = {
			isa = XCBuildConfiguration;
			baseConfigurationReference = FA7AF45C688B9488439EBBBE /* Pods-SVProgressApp.debug.xcconfig */;
			buildSettings = {
				ASSETCATALOG_COMPILER_APPICON_NAME = AppIcon;
				CODE_SIGN_STYLE = Automatic;
				FRAMEWORK_SEARCH_PATHS = (
					"$(inherited)",
					"\"$PODS_CONFIGURATION_BUILD_DIR/SVProgressHUD\"",
					"$(SRCROOT)",
				);
				INFOPLIST_FILE = SVProgressApp/Info.plist;
				LD_RUNPATH_SEARCH_PATHS = "$(inherited) @executable_path/Frameworks";
				PRODUCT_BUNDLE_IDENTIFIER = com.0xack13.SVProgressApp;
				PRODUCT_NAME = "$(TARGET_NAME)";
				SWIFT_VERSION = 4.0;
				TARGETED_DEVICE_FAMILY = "1,2";
			};
			name = Debug;
		};
		4C68FA401F937E5F007C928C /* Release */ = {
			isa = XCBuildConfiguration;
			baseConfigurationReference = D85BDED314885FFEFC310F1F /* Pods-SVProgressApp.release.xcconfig */;
			buildSettings = {
				ASSETCATALOG_COMPILER_APPICON_NAME = AppIcon;
				CODE_SIGN_STYLE = Automatic;
				"FRAMEWORK_SEARCH_PATHS[arch=*]" = "$(inherited) \"$PODS_CONFIGURATION_BUILD_DIR/SVProgressHUD\"";
				INFOPLIST_FILE = SVProgressApp/Info.plist;
				LD_RUNPATH_SEARCH_PATHS = "$(inherited) @executable_path/Frameworks";
				PRODUCT_BUNDLE_IDENTIFIER = com.0xack13.SVProgressApp;
				PRODUCT_NAME = "$(TARGET_NAME)";
				SWIFT_VERSION = 4.0;
				TARGETED_DEVICE_FAMILY = "1,2";
			};
			name = Release;
		};
/* End XCBuildConfiguration section */

/* Begin XCConfigurationList section */
		4C68FA271F937E5F007C928C /* Build configuration list for PBXProject "SVProgressApp" */ = {
			isa = XCConfigurationList;
			buildConfigurations = (
				4C68FA3C1F937E5F007C928C /* Debug */,
				4C68FA3D1F937E5F007C928C /* Release */,
			);
			defaultConfigurationIsVisible = 0;
			defaultConfigurationName = Release;
		};
		4C68FA3E1F937E5F007C928C /* Build configuration list for PBXNativeTarget "SVProgressApp" */ = {
			isa = XCConfigurationList;
			buildConfigurations = (
				4C68FA3F1F937E5F007C928C /* Debug */,
				4C68FA401F937E5F007C928C /* Release */,
			);
			defaultConfigurationIsVisible = 0;
			defaultConfigurationName = Release;
		};
/* End XCConfigurationList section */
	};
	rootObject = 4C68FA241F937E5F007C928C /* Project object */;
}
